SITE
  remote: https://supermarket.getchef.com/api/v1
  specs:
    build-essential (2.1.2)
    graphite (1.0.1)
      build-essential (>= 0.0.0)
      memcached (>= 0.0.0)
      python (>= 0.0.0)
      runit (~> 1.0)
      yum-epel (>= 0.0.0)
    memcached (1.7.2)
      runit (~> 1.0)
      yum (~> 3.0)
      yum-epel (>= 0.0.0)
    python (1.4.6)
      build-essential (>= 0.0.0)
      yum-epel (>= 0.0.0)
    runit (1.5.10)
      build-essential (>= 0.0.0)
      yum (~> 3.0)
      yum-epel (>= 0.0.0)
    yum (3.4.0)
    yum-epel (0.5.2)
      yum (~> 3.0)

PATH
  remote: .
  specs:
    hw-graphite (0.1.0)
      graphite (= 1.0.1)

DEPENDENCIES
  hw-graphite (>= 0)

